
Microsoft Visual Studio Solution File, Format Version 12.00
# Visual Studio Version 16
VisualStudioVersion = 16.0.29503.13
MinimumVisualStudioVersion = 10.0.40219.1
Project("{FAE04EC0-301F-11D3-BF4B-00C04F79EFBC}") = "DefiningClasses", "DefiningClasses\DefiningClasses.csproj", "{E96BAFD4-7569-4DB9-9B6E-03FE996D7C0D}"
EndProject
Global
	GlobalSection(SolutionConfigurationPlatforms) = preSolution
		Debug|Any CPU = Debug|Any CPU
		Release|Any CPU = Release|Any CPU
	EndGlobalSection
	GlobalSection(ProjectConfigurationPlatforms) = postSolution
		{E96BAFD4-7569-4DB9-9B6E-03FE996D7C0D}.Debug|Any CPU.ActiveCfg = Debug|Any CPU
		{E96BAFD4-7569-4DB9-9B6E-03FE996D7C0D}.Debug|Any CPU.Build.0 = Debug|Any CPU
		{E96BAFD4-7569-4DB9-9B6E-03FE996D7C0D}.Release|Any CPU.ActiveCfg = Release|Any CPU
		{E96BAFD4-7569-4DB9-9B6E-03FE996D7C0D}.Release|Any CPU.Build.0 = Release|Any CPU
	EndGlobalSection
	GlobalSection(SolutionProperties) = preSolution
		HideSolutionNode = FALSE
	EndGlobalSection
	GlobalSection(ExtensibilityGlobals) = postSolution
		SolutionGuid = {3E4F8EB6-DDB6-40CB-82BC-551A68F7BFCF}
	EndGlobalSection
EndGlobal
