
Microsoft Visual Studio Solution File, Format Version 12.00
# Visual Studio Version 16
VisualStudioVersion = 16.0.29503.13
MinimumVisualStudioVersion = 10.0.40219.1
Project("{FAE04EC0-301F-11D3-BF4B-00C04F79EFBC}") = "CustomDoublyLinkedList", "CustomDoublyLinkedList\CustomDoublyLinkedList.csproj", "{0F7A0E88-9DA0-4CFC-911D-0A2D3B179649}"
EndProject
Global
	GlobalSection(SolutionConfigurationPlatforms) = preSolution
		Debug|Any CPU = Debug|Any CPU
		Release|Any CPU = Release|Any CPU
	EndGlobalSection
	GlobalSection(ProjectConfigurationPlatforms) = postSolution
		{0F7A0E88-9DA0-4CFC-911D-0A2D3B179649}.Debug|Any CPU.ActiveCfg = Debug|Any CPU
		{0F7A0E88-9DA0-4CFC-911D-0A2D3B179649}.Debug|Any CPU.Build.0 = Debug|Any CPU
		{0F7A0E88-9DA0-4CFC-911D-0A2D3B179649}.Release|Any CPU.ActiveCfg = Release|Any CPU
		{0F7A0E88-9DA0-4CFC-911D-0A2D3B179649}.Release|Any CPU.Build.0 = Release|Any CPU
	EndGlobalSection
	GlobalSection(SolutionProperties) = preSolution
		HideSolutionNode = FALSE
	EndGlobalSection
	GlobalSection(ExtensibilityGlobals) = postSolution
		SolutionGuid = {BB159DE8-9A5A-4DD1-913C-CE92AC32C08E}
	EndGlobalSection
EndGlobal
