
Microsoft Visual Studio Solution File, Format Version 12.00
# Visual Studio Version 17
VisualStudioVersion = 17.3.32901.215
MinimumVisualStudioVersion = 10.0.40219.1
Project("{9A19103F-16F7-4668-BE54-9A1E7A4F7556}") = "ClassBoxData", "ClassBoxData\ClassBoxData.csproj", "{053B8EB6-5E06-4CCA-BE1E-038C891DA873}"
EndProject
Project("{9A19103F-16F7-4668-BE54-9A1E7A4F7556}") = "ShoppingSpree", "ShoppingSpree\ShoppingSpree.csproj", "{B1A94EF6-EBF4-495B-BD47-48FEEE9BFEA4}"
EndProject
Project("{FAE04EC0-301F-11D3-BF4B-00C04F79EFBC}") = "PizzaCalories", "PizzaCalories\PizzaCalories.csproj", "{C0BD8971-1B72-46FD-B012-4B645F5DCAB6}"
EndProject
Project("{FAE04EC0-301F-11D3-BF4B-00C04F79EFBC}") = "FootballTeamGenerator", "FootballTeamGenerator\FootballTeamGenerator.csproj", "{A6647171-A9FD-4B06-BF71-E16AE07EE034}"
EndProject
Global
	GlobalSection(SolutionConfigurationPlatforms) = preSolution
		Debug|Any CPU = Debug|Any CPU
		Release|Any CPU = Release|Any CPU
	EndGlobalSection
	GlobalSection(ProjectConfigurationPlatforms) = postSolution
		{053B8EB6-5E06-4CCA-BE1E-038C891DA873}.Debug|Any CPU.ActiveCfg = Debug|Any CPU
		{053B8EB6-5E06-4CCA-BE1E-038C891DA873}.Debug|Any CPU.Build.0 = Debug|Any CPU
		{053B8EB6-5E06-4CCA-BE1E-038C891DA873}.Release|Any CPU.ActiveCfg = Release|Any CPU
		{053B8EB6-5E06-4CCA-BE1E-038C891DA873}.Release|Any CPU.Build.0 = Release|Any CPU
		{B1A94EF6-EBF4-495B-BD47-48FEEE9BFEA4}.Debug|Any CPU.ActiveCfg = Debug|Any CPU
		{B1A94EF6-EBF4-495B-BD47-48FEEE9BFEA4}.Debug|Any CPU.Build.0 = Debug|Any CPU
		{B1A94EF6-EBF4-495B-BD47-48FEEE9BFEA4}.Release|Any CPU.ActiveCfg = Release|Any CPU
		{B1A94EF6-EBF4-495B-BD47-48FEEE9BFEA4}.Release|Any CPU.Build.0 = Release|Any CPU
		{C0BD8971-1B72-46FD-B012-4B645F5DCAB6}.Debug|Any CPU.ActiveCfg = Debug|Any CPU
		{C0BD8971-1B72-46FD-B012-4B645F5DCAB6}.Debug|Any CPU.Build.0 = Debug|Any CPU
		{C0BD8971-1B72-46FD-B012-4B645F5DCAB6}.Release|Any CPU.ActiveCfg = Release|Any CPU
		{C0BD8971-1B72-46FD-B012-4B645F5DCAB6}.Release|Any CPU.Build.0 = Release|Any CPU
		{A6647171-A9FD-4B06-BF71-E16AE07EE034}.Debug|Any CPU.ActiveCfg = Debug|Any CPU
		{A6647171-A9FD-4B06-BF71-E16AE07EE034}.Debug|Any CPU.Build.0 = Debug|Any CPU
		{A6647171-A9FD-4B06-BF71-E16AE07EE034}.Release|Any CPU.ActiveCfg = Release|Any CPU
		{A6647171-A9FD-4B06-BF71-E16AE07EE034}.Release|Any CPU.Build.0 = Release|Any CPU
	EndGlobalSection
	GlobalSection(SolutionProperties) = preSolution
		HideSolutionNode = FALSE
	EndGlobalSection
	GlobalSection(ExtensibilityGlobals) = postSolution
		SolutionGuid = {35A5DCC2-117C-4B8A-A3EF-C97D8F4EDF2C}
	EndGlobalSection
EndGlobal
