
Microsoft Visual Studio Solution File, Format Version 12.00
# Visual Studio Version 16
VisualStudioVersion = 16.0.29503.13
MinimumVisualStudioVersion = 10.0.40219.1
Project("{9A19103F-16F7-4668-BE54-9A1E7A4F7556}") = "02_SeizeTheFire", "02_SeizeTheFire\02_SeizeTheFire.csproj", "{5B7B6E5B-B937-49D7-9DB0-9CC4C9E5496E}"
EndProject
Project("{9A19103F-16F7-4668-BE54-9A1E7A4F7556}") = "03_TheFinalQuest", "03_TheFinalQuest\03_TheFinalQuest.csproj", "{F4A5E9DE-58B1-43CF-A6CD-2CCBF9689563}"
EndProject
Project("{9A19103F-16F7-4668-BE54-9A1E7A4F7556}") = "01_TheHuntingGames", "01_TheHuntingGames\01_TheHuntingGames.csproj", "{81B62AB1-82F3-4B2F-A9D7-9D6567966C5F}"
EndProject
Global
	GlobalSection(SolutionConfigurationPlatforms) = preSolution
		Debug|Any CPU = Debug|Any CPU
		Release|Any CPU = Release|Any CPU
	EndGlobalSection
	GlobalSection(ProjectConfigurationPlatforms) = postSolution
		{5B7B6E5B-B937-49D7-9DB0-9CC4C9E5496E}.Debug|Any CPU.ActiveCfg = Debug|Any CPU
		{5B7B6E5B-B937-49D7-9DB0-9CC4C9E5496E}.Debug|Any CPU.Build.0 = Debug|Any CPU
		{5B7B6E5B-B937-49D7-9DB0-9CC4C9E5496E}.Release|Any CPU.ActiveCfg = Release|Any CPU
		{5B7B6E5B-B937-49D7-9DB0-9CC4C9E5496E}.Release|Any CPU.Build.0 = Release|Any CPU
		{F4A5E9DE-58B1-43CF-A6CD-2CCBF9689563}.Debug|Any CPU.ActiveCfg = Debug|Any CPU
		{F4A5E9DE-58B1-43CF-A6CD-2CCBF9689563}.Debug|Any CPU.Build.0 = Debug|Any CPU
		{F4A5E9DE-58B1-43CF-A6CD-2CCBF9689563}.Release|Any CPU.ActiveCfg = Release|Any CPU
		{F4A5E9DE-58B1-43CF-A6CD-2CCBF9689563}.Release|Any CPU.Build.0 = Release|Any CPU
		{81B62AB1-82F3-4B2F-A9D7-9D6567966C5F}.Debug|Any CPU.ActiveCfg = Debug|Any CPU
		{81B62AB1-82F3-4B2F-A9D7-9D6567966C5F}.Debug|Any CPU.Build.0 = Debug|Any CPU
		{81B62AB1-82F3-4B2F-A9D7-9D6567966C5F}.Release|Any CPU.ActiveCfg = Release|Any CPU
		{81B62AB1-82F3-4B2F-A9D7-9D6567966C5F}.Release|Any CPU.Build.0 = Release|Any CPU
	EndGlobalSection
	GlobalSection(SolutionProperties) = preSolution
		HideSolutionNode = FALSE
	EndGlobalSection
	GlobalSection(ExtensibilityGlobals) = postSolution
		SolutionGuid = {8F7F6073-044E-41B6-8ECF-B64124ECC575}
	EndGlobalSection
EndGlobal
