
Microsoft Visual Studio Solution File, Format Version 12.00
# Visual Studio Version 16
VisualStudioVersion = 16.0.29503.13
MinimumVisualStudioVersion = 10.0.40219.1
Project("{9A19103F-16F7-4668-BE54-9A1E7A4F7556}") = "01_DishWasher", "WhileLoopMoreExercises\01_DishWasher.csproj", "{95720F99-4D42-433B-BF94-D9287C51562A}"
EndProject
Project("{9A19103F-16F7-4668-BE54-9A1E7A4F7556}") = "02_ReportSystem", "02_ReportSystem\02_ReportSystem.csproj", "{A04B923B-5DB3-45AB-9423-3C94C0B63211}"
EndProject
Project("{9A19103F-16F7-4668-BE54-9A1E7A4F7556}") = "03_StreamOfLetters", "03_StreamOfLetters\03_StreamOfLetters.csproj", "{534F275B-15FB-4E11-8C36-BF604ACAD1F7}"
EndProject
Project("{9A19103F-16F7-4668-BE54-9A1E7A4F7556}") = "04_NumbersDividedBy3", "3\04_NumbersDividedBy3.csproj", "{67D9D0D2-4B7F-48BF-89C3-91642369F6BC}"
EndProject
Project("{9A19103F-16F7-4668-BE54-9A1E7A4F7556}") = "05_AverageNumber", "05AverageNumber\05_AverageNumber.csproj", "{E62B6ED3-110F-4771-9ED1-79C4B2CDE4F4}"
EndProject
Global
	GlobalSection(SolutionConfigurationPlatforms) = preSolution
		Debug|Any CPU = Debug|Any CPU
		Release|Any CPU = Release|Any CPU
	EndGlobalSection
	GlobalSection(ProjectConfigurationPlatforms) = postSolution
		{95720F99-4D42-433B-BF94-D9287C51562A}.Debug|Any CPU.ActiveCfg = Debug|Any CPU
		{95720F99-4D42-433B-BF94-D9287C51562A}.Debug|Any CPU.Build.0 = Debug|Any CPU
		{95720F99-4D42-433B-BF94-D9287C51562A}.Release|Any CPU.ActiveCfg = Release|Any CPU
		{95720F99-4D42-433B-BF94-D9287C51562A}.Release|Any CPU.Build.0 = Release|Any CPU
		{A04B923B-5DB3-45AB-9423-3C94C0B63211}.Debug|Any CPU.ActiveCfg = Debug|Any CPU
		{A04B923B-5DB3-45AB-9423-3C94C0B63211}.Debug|Any CPU.Build.0 = Debug|Any CPU
		{A04B923B-5DB3-45AB-9423-3C94C0B63211}.Release|Any CPU.ActiveCfg = Release|Any CPU
		{A04B923B-5DB3-45AB-9423-3C94C0B63211}.Release|Any CPU.Build.0 = Release|Any CPU
		{534F275B-15FB-4E11-8C36-BF604ACAD1F7}.Debug|Any CPU.ActiveCfg = Debug|Any CPU
		{534F275B-15FB-4E11-8C36-BF604ACAD1F7}.Debug|Any CPU.Build.0 = Debug|Any CPU
		{534F275B-15FB-4E11-8C36-BF604ACAD1F7}.Release|Any CPU.ActiveCfg = Release|Any CPU
		{534F275B-15FB-4E11-8C36-BF604ACAD1F7}.Release|Any CPU.Build.0 = Release|Any CPU
		{67D9D0D2-4B7F-48BF-89C3-91642369F6BC}.Debug|Any CPU.ActiveCfg = Debug|Any CPU
		{67D9D0D2-4B7F-48BF-89C3-91642369F6BC}.Debug|Any CPU.Build.0 = Debug|Any CPU
		{67D9D0D2-4B7F-48BF-89C3-91642369F6BC}.Release|Any CPU.ActiveCfg = Release|Any CPU
		{67D9D0D2-4B7F-48BF-89C3-91642369F6BC}.Release|Any CPU.Build.0 = Release|Any CPU
		{E62B6ED3-110F-4771-9ED1-79C4B2CDE4F4}.Debug|Any CPU.ActiveCfg = Debug|Any CPU
		{E62B6ED3-110F-4771-9ED1-79C4B2CDE4F4}.Debug|Any CPU.Build.0 = Debug|Any CPU
		{E62B6ED3-110F-4771-9ED1-79C4B2CDE4F4}.Release|Any CPU.ActiveCfg = Release|Any CPU
		{E62B6ED3-110F-4771-9ED1-79C4B2CDE4F4}.Release|Any CPU.Build.0 = Release|Any CPU
	EndGlobalSection
	GlobalSection(SolutionProperties) = preSolution
		HideSolutionNode = FALSE
	EndGlobalSection
	GlobalSection(ExtensibilityGlobals) = postSolution
		SolutionGuid = {135A404A-A142-47AF-B153-BDE10FEF0B99}
	EndGlobalSection
EndGlobal
