
Microsoft Visual Studio Solution File, Format Version 12.00
# Visual Studio Version 17
VisualStudioVersion = 17.3.32901.215
MinimumVisualStudioVersion = 10.0.40219.1
Project("{FAE04EC0-301F-11D3-BF4B-00C04F79EFBC}") = "Shapes", "Shapes\Shapes.csproj", "{AC0D2E44-93C4-48A1-95D2-4BCD47C39C19}"
EndProject
Project("{FAE04EC0-301F-11D3-BF4B-00C04F79EFBC}") = "Cars", "Cars\Cars.csproj", "{1AB39F2F-68E4-48DA-9081-38A38E9F7A95}"
EndProject
Global
	GlobalSection(SolutionConfigurationPlatforms) = preSolution
		Debug|Any CPU = Debug|Any CPU
		Release|Any CPU = Release|Any CPU
	EndGlobalSection
	GlobalSection(ProjectConfigurationPlatforms) = postSolution
		{AC0D2E44-93C4-48A1-95D2-4BCD47C39C19}.Debug|Any CPU.ActiveCfg = Debug|Any CPU
		{AC0D2E44-93C4-48A1-95D2-4BCD47C39C19}.Debug|Any CPU.Build.0 = Debug|Any CPU
		{AC0D2E44-93C4-48A1-95D2-4BCD47C39C19}.Release|Any CPU.ActiveCfg = Release|Any CPU
		{AC0D2E44-93C4-48A1-95D2-4BCD47C39C19}.Release|Any CPU.Build.0 = Release|Any CPU
		{1AB39F2F-68E4-48DA-9081-38A38E9F7A95}.Debug|Any CPU.ActiveCfg = Debug|Any CPU
		{1AB39F2F-68E4-48DA-9081-38A38E9F7A95}.Debug|Any CPU.Build.0 = Debug|Any CPU
		{1AB39F2F-68E4-48DA-9081-38A38E9F7A95}.Release|Any CPU.ActiveCfg = Release|Any CPU
		{1AB39F2F-68E4-48DA-9081-38A38E9F7A95}.Release|Any CPU.Build.0 = Release|Any CPU
	EndGlobalSection
	GlobalSection(SolutionProperties) = preSolution
		HideSolutionNode = FALSE
	EndGlobalSection
	GlobalSection(ExtensibilityGlobals) = postSolution
		SolutionGuid = {938454FE-C7F1-4DD9-B30C-9F702863063A}
	EndGlobalSection
EndGlobal
