
Microsoft Visual Studio Solution File, Format Version 12.00
# Visual Studio Version 16
VisualStudioVersion = 16.0.29503.13
MinimumVisualStudioVersion = 10.0.40219.1
Project("{FAE04EC0-301F-11D3-BF4B-00C04F79EFBC}") = "01_ExtractPersonInformation", "01_ExtractPersonInformation\01_ExtractPersonInformation.csproj", "{8A2BECDF-B879-47BF-B95C-A6AE24EDAF04}"
EndProject
Project("{FAE04EC0-301F-11D3-BF4B-00C04F79EFBC}") = "02_AsciiSumator", "02_AsciiSumator\02_AsciiSumator.csproj", "{DE3808D0-20CA-4310-BA41-D425B8D240F3}"
EndProject
Project("{FAE04EC0-301F-11D3-BF4B-00C04F79EFBC}") = "03_TreasureFinder", "03_TreasureFinder\03_TreasureFinder.csproj", "{ADB7ECD1-D2E1-4454-8085-ABD28781ACEA}"
EndProject
Project("{FAE04EC0-301F-11D3-BF4B-00C04F79EFBC}") = "04_MorseCodeTranslator", "04_MorseCodeTranslator\04_MorseCodeTranslator.csproj", "{E5E61D41-7FDF-492A-86DB-03185364DF42}"
EndProject
Project("{FAE04EC0-301F-11D3-BF4B-00C04F79EFBC}") = "05_HTML", "05_HTML\05_HTML.csproj", "{1CBAEDDD-D100-4AFE-8ED7-FCEA4072F80A}"
EndProject
Global
	GlobalSection(SolutionConfigurationPlatforms) = preSolution
		Debug|Any CPU = Debug|Any CPU
		Release|Any CPU = Release|Any CPU
	EndGlobalSection
	GlobalSection(ProjectConfigurationPlatforms) = postSolution
		{8A2BECDF-B879-47BF-B95C-A6AE24EDAF04}.Debug|Any CPU.ActiveCfg = Debug|Any CPU
		{8A2BECDF-B879-47BF-B95C-A6AE24EDAF04}.Debug|Any CPU.Build.0 = Debug|Any CPU
		{8A2BECDF-B879-47BF-B95C-A6AE24EDAF04}.Release|Any CPU.ActiveCfg = Release|Any CPU
		{8A2BECDF-B879-47BF-B95C-A6AE24EDAF04}.Release|Any CPU.Build.0 = Release|Any CPU
		{DE3808D0-20CA-4310-BA41-D425B8D240F3}.Debug|Any CPU.ActiveCfg = Debug|Any CPU
		{DE3808D0-20CA-4310-BA41-D425B8D240F3}.Debug|Any CPU.Build.0 = Debug|Any CPU
		{DE3808D0-20CA-4310-BA41-D425B8D240F3}.Release|Any CPU.ActiveCfg = Release|Any CPU
		{DE3808D0-20CA-4310-BA41-D425B8D240F3}.Release|Any CPU.Build.0 = Release|Any CPU
		{ADB7ECD1-D2E1-4454-8085-ABD28781ACEA}.Debug|Any CPU.ActiveCfg = Debug|Any CPU
		{ADB7ECD1-D2E1-4454-8085-ABD28781ACEA}.Debug|Any CPU.Build.0 = Debug|Any CPU
		{ADB7ECD1-D2E1-4454-8085-ABD28781ACEA}.Release|Any CPU.ActiveCfg = Release|Any CPU
		{ADB7ECD1-D2E1-4454-8085-ABD28781ACEA}.Release|Any CPU.Build.0 = Release|Any CPU
		{E5E61D41-7FDF-492A-86DB-03185364DF42}.Debug|Any CPU.ActiveCfg = Debug|Any CPU
		{E5E61D41-7FDF-492A-86DB-03185364DF42}.Debug|Any CPU.Build.0 = Debug|Any CPU
		{E5E61D41-7FDF-492A-86DB-03185364DF42}.Release|Any CPU.ActiveCfg = Release|Any CPU
		{E5E61D41-7FDF-492A-86DB-03185364DF42}.Release|Any CPU.Build.0 = Release|Any CPU
		{1CBAEDDD-D100-4AFE-8ED7-FCEA4072F80A}.Debug|Any CPU.ActiveCfg = Debug|Any CPU
		{1CBAEDDD-D100-4AFE-8ED7-FCEA4072F80A}.Debug|Any CPU.Build.0 = Debug|Any CPU
		{1CBAEDDD-D100-4AFE-8ED7-FCEA4072F80A}.Release|Any CPU.ActiveCfg = Release|Any CPU
		{1CBAEDDD-D100-4AFE-8ED7-FCEA4072F80A}.Release|Any CPU.Build.0 = Release|Any CPU
	EndGlobalSection
	GlobalSection(SolutionProperties) = preSolution
		HideSolutionNode = FALSE
	EndGlobalSection
	GlobalSection(ExtensibilityGlobals) = postSolution
		SolutionGuid = {20E8CB44-844F-473B-A486-C2573FD09CC3}
	EndGlobalSection
EndGlobal
