
Microsoft Visual Studio Solution File, Format Version 12.00
# Visual Studio Version 16
VisualStudioVersion = 16.0.29503.13
MinimumVisualStudioVersion = 10.0.40219.1
Project("{9A19103F-16F7-4668-BE54-9A1E7A4F7556}") = "02_TaskPlanner", "02_TaskPlanner\02_TaskPlanner.csproj", "{730BC845-173D-476D-8A09-C6B510D9544E}"
EndProject
Project("{9A19103F-16F7-4668-BE54-9A1E7A4F7556}") = "03_FroggySquad", "03_FroggySquad\03_FroggySquad.csproj", "{8CB562E9-D70F-4D31-89C4-24D8FC2C43EF}"
EndProject
Project("{9A19103F-16F7-4668-BE54-9A1E7A4F7556}") = "01_GiftboxCoverage", "01_GiftboxCoverage\01_GiftboxCoverage.csproj", "{73CBC2C8-F9AF-4647-BE91-451ADA4EBF17}"
EndProject
Global
	GlobalSection(SolutionConfigurationPlatforms) = preSolution
		Debug|Any CPU = Debug|Any CPU
		Release|Any CPU = Release|Any CPU
	EndGlobalSection
	GlobalSection(ProjectConfigurationPlatforms) = postSolution
		{730BC845-173D-476D-8A09-C6B510D9544E}.Debug|Any CPU.ActiveCfg = Debug|Any CPU
		{730BC845-173D-476D-8A09-C6B510D9544E}.Debug|Any CPU.Build.0 = Debug|Any CPU
		{730BC845-173D-476D-8A09-C6B510D9544E}.Release|Any CPU.ActiveCfg = Release|Any CPU
		{730BC845-173D-476D-8A09-C6B510D9544E}.Release|Any CPU.Build.0 = Release|Any CPU
		{8CB562E9-D70F-4D31-89C4-24D8FC2C43EF}.Debug|Any CPU.ActiveCfg = Debug|Any CPU
		{8CB562E9-D70F-4D31-89C4-24D8FC2C43EF}.Debug|Any CPU.Build.0 = Debug|Any CPU
		{8CB562E9-D70F-4D31-89C4-24D8FC2C43EF}.Release|Any CPU.ActiveCfg = Release|Any CPU
		{8CB562E9-D70F-4D31-89C4-24D8FC2C43EF}.Release|Any CPU.Build.0 = Release|Any CPU
		{73CBC2C8-F9AF-4647-BE91-451ADA4EBF17}.Debug|Any CPU.ActiveCfg = Debug|Any CPU
		{73CBC2C8-F9AF-4647-BE91-451ADA4EBF17}.Debug|Any CPU.Build.0 = Debug|Any CPU
		{73CBC2C8-F9AF-4647-BE91-451ADA4EBF17}.Release|Any CPU.ActiveCfg = Release|Any CPU
		{73CBC2C8-F9AF-4647-BE91-451ADA4EBF17}.Release|Any CPU.Build.0 = Release|Any CPU
	EndGlobalSection
	GlobalSection(SolutionProperties) = preSolution
		HideSolutionNode = FALSE
	EndGlobalSection
	GlobalSection(ExtensibilityGlobals) = postSolution
		SolutionGuid = {CECD53E2-4CFD-4D7A-A9E1-E5049B8C53F6}
	EndGlobalSection
EndGlobal
