
Microsoft Visual Studio Solution File, Format Version 12.00
# Visual Studio Version 17
VisualStudioVersion = 17.3.32901.215
MinimumVisualStudioVersion = 10.0.40219.1
Project("{FAE04EC0-301F-11D3-BF4B-00C04F79EFBC}") = "MathOperation", "MathOperation\MathOperation.csproj", "{149D12CB-8D26-4542-96C9-D4C9391418EF}"
EndProject
Project("{FAE04EC0-301F-11D3-BF4B-00C04F79EFBC}") = "Animals", "Animals\Animals.csproj", "{0FD5B59D-0C5C-465E-8816-0D9D2C563A76}"
EndProject
Project("{FAE04EC0-301F-11D3-BF4B-00C04F79EFBC}") = "Shapes", "Shapes\Shapes.csproj", "{282540C1-8DAE-473D-9E9F-ABCB995DA67A}"
EndProject
Global
	GlobalSection(SolutionConfigurationPlatforms) = preSolution
		Debug|Any CPU = Debug|Any CPU
		Release|Any CPU = Release|Any CPU
	EndGlobalSection
	GlobalSection(ProjectConfigurationPlatforms) = postSolution
		{149D12CB-8D26-4542-96C9-D4C9391418EF}.Debug|Any CPU.ActiveCfg = Debug|Any CPU
		{149D12CB-8D26-4542-96C9-D4C9391418EF}.Debug|Any CPU.Build.0 = Debug|Any CPU
		{149D12CB-8D26-4542-96C9-D4C9391418EF}.Release|Any CPU.ActiveCfg = Release|Any CPU
		{149D12CB-8D26-4542-96C9-D4C9391418EF}.Release|Any CPU.Build.0 = Release|Any CPU
		{0FD5B59D-0C5C-465E-8816-0D9D2C563A76}.Debug|Any CPU.ActiveCfg = Debug|Any CPU
		{0FD5B59D-0C5C-465E-8816-0D9D2C563A76}.Debug|Any CPU.Build.0 = Debug|Any CPU
		{0FD5B59D-0C5C-465E-8816-0D9D2C563A76}.Release|Any CPU.ActiveCfg = Release|Any CPU
		{0FD5B59D-0C5C-465E-8816-0D9D2C563A76}.Release|Any CPU.Build.0 = Release|Any CPU
		{282540C1-8DAE-473D-9E9F-ABCB995DA67A}.Debug|Any CPU.ActiveCfg = Debug|Any CPU
		{282540C1-8DAE-473D-9E9F-ABCB995DA67A}.Debug|Any CPU.Build.0 = Debug|Any CPU
		{282540C1-8DAE-473D-9E9F-ABCB995DA67A}.Release|Any CPU.ActiveCfg = Release|Any CPU
		{282540C1-8DAE-473D-9E9F-ABCB995DA67A}.Release|Any CPU.Build.0 = Release|Any CPU
	EndGlobalSection
	GlobalSection(SolutionProperties) = preSolution
		HideSolutionNode = FALSE
	EndGlobalSection
	GlobalSection(ExtensibilityGlobals) = postSolution
		SolutionGuid = {7E0979C6-6FD4-42B7-BE0C-68B6C6A19025}
	EndGlobalSection
EndGlobal
