
Microsoft Visual Studio Solution File, Format Version 12.00
# Visual Studio Version 16
VisualStudioVersion = 16.0.29503.13
MinimumVisualStudioVersion = 10.0.40219.1
Project("{9A19103F-16F7-4668-BE54-9A1E7A4F7556}") = "P01_HelloSoftUni", "HelloSoftUni\P01_HelloSoftUni.csproj", "{8CDE69D4-44BB-4D4B-A3CD-91F688131AB5}"
EndProject
Project("{9A19103F-16F7-4668-BE54-9A1E7A4F7556}") = "P02_Expression", "Expression\P02_Expression.csproj", "{21EF6F7C-9BE2-4B48-B6C3-BEDF0D6A5A3D}"
EndProject
Project("{9A19103F-16F7-4668-BE54-9A1E7A4F7556}") = "P03_Nums1To20", "Nums1To20\P03_Nums1To20.csproj", "{18F5936E-4F09-41F3-A058-146F67CA2993}"
EndProject
Project("{9A19103F-16F7-4668-BE54-9A1E7A4F7556}") = "P04_AreaOfRectangle", "AreaOfRectangle\P04_AreaOfRectangle.csproj", "{8EC3C5FA-99A9-4462-80A2-9D801217EEF6}"
EndProject
Project("{9A19103F-16F7-4668-BE54-9A1E7A4F7556}") = "P05_DateAndTime", "DateAndTime\P05_DateAndTime.csproj", "{864527E6-FA2F-423C-BBE9-39C01042228F}"
EndProject
Global
	GlobalSection(SolutionConfigurationPlatforms) = preSolution
		Debug|Any CPU = Debug|Any CPU
		Release|Any CPU = Release|Any CPU
	EndGlobalSection
	GlobalSection(ProjectConfigurationPlatforms) = postSolution
		{8CDE69D4-44BB-4D4B-A3CD-91F688131AB5}.Debug|Any CPU.ActiveCfg = Debug|Any CPU
		{8CDE69D4-44BB-4D4B-A3CD-91F688131AB5}.Debug|Any CPU.Build.0 = Debug|Any CPU
		{8CDE69D4-44BB-4D4B-A3CD-91F688131AB5}.Release|Any CPU.ActiveCfg = Release|Any CPU
		{8CDE69D4-44BB-4D4B-A3CD-91F688131AB5}.Release|Any CPU.Build.0 = Release|Any CPU
		{21EF6F7C-9BE2-4B48-B6C3-BEDF0D6A5A3D}.Debug|Any CPU.ActiveCfg = Debug|Any CPU
		{21EF6F7C-9BE2-4B48-B6C3-BEDF0D6A5A3D}.Debug|Any CPU.Build.0 = Debug|Any CPU
		{21EF6F7C-9BE2-4B48-B6C3-BEDF0D6A5A3D}.Release|Any CPU.ActiveCfg = Release|Any CPU
		{21EF6F7C-9BE2-4B48-B6C3-BEDF0D6A5A3D}.Release|Any CPU.Build.0 = Release|Any CPU
		{18F5936E-4F09-41F3-A058-146F67CA2993}.Debug|Any CPU.ActiveCfg = Debug|Any CPU
		{18F5936E-4F09-41F3-A058-146F67CA2993}.Debug|Any CPU.Build.0 = Debug|Any CPU
		{18F5936E-4F09-41F3-A058-146F67CA2993}.Release|Any CPU.ActiveCfg = Release|Any CPU
		{18F5936E-4F09-41F3-A058-146F67CA2993}.Release|Any CPU.Build.0 = Release|Any CPU
		{8EC3C5FA-99A9-4462-80A2-9D801217EEF6}.Debug|Any CPU.ActiveCfg = Debug|Any CPU
		{8EC3C5FA-99A9-4462-80A2-9D801217EEF6}.Debug|Any CPU.Build.0 = Debug|Any CPU
		{8EC3C5FA-99A9-4462-80A2-9D801217EEF6}.Release|Any CPU.ActiveCfg = Release|Any CPU
		{8EC3C5FA-99A9-4462-80A2-9D801217EEF6}.Release|Any CPU.Build.0 = Release|Any CPU
		{864527E6-FA2F-423C-BBE9-39C01042228F}.Debug|Any CPU.ActiveCfg = Debug|Any CPU
		{864527E6-FA2F-423C-BBE9-39C01042228F}.Debug|Any CPU.Build.0 = Debug|Any CPU
		{864527E6-FA2F-423C-BBE9-39C01042228F}.Release|Any CPU.ActiveCfg = Release|Any CPU
		{864527E6-FA2F-423C-BBE9-39C01042228F}.Release|Any CPU.Build.0 = Release|Any CPU
	EndGlobalSection
	GlobalSection(SolutionProperties) = preSolution
		HideSolutionNode = FALSE
	EndGlobalSection
	GlobalSection(ExtensibilityGlobals) = postSolution
		SolutionGuid = {18BAAD48-8413-4AFF-AE68-1423B53DA965}
	EndGlobalSection
EndGlobal
