
Microsoft Visual Studio Solution File, Format Version 12.00
# Visual Studio 15
VisualStudioVersion = 15.0.28307.572
MinimumVisualStudioVersion = 10.0.40219.1
Project("{FAE04EC0-301F-11D3-BF4B-00C04F79EFBC}") = "01_ExperienceGaining", "01_ExperienceGaining\01_ExperienceGaining.csproj", "{EC9320E4-36B6-4CD0-ABDB-7C9EA13D5256}"
EndProject
Project("{FAE04EC0-301F-11D3-BF4B-00C04F79EFBC}") = "03_TanksCollector", "03_TanksCollector\03_TanksCollector.csproj", "{413EC912-396C-4872-A701-14937BA3EB12}"
EndProject
Project("{FAE04EC0-301F-11D3-BF4B-00C04F79EFBC}") = "02_FriendListMaintenance", "02_FriendListMaintenance\02_FriendListMaintenance.csproj", "{374041BF-0AF5-433C-ADEF-3ED319A87641}"
EndProject
Global
	GlobalSection(SolutionConfigurationPlatforms) = preSolution
		Debug|Any CPU = Debug|Any CPU
		Release|Any CPU = Release|Any CPU
	EndGlobalSection
	GlobalSection(ProjectConfigurationPlatforms) = postSolution
		{EC9320E4-36B6-4CD0-ABDB-7C9EA13D5256}.Debug|Any CPU.ActiveCfg = Debug|Any CPU
		{EC9320E4-36B6-4CD0-ABDB-7C9EA13D5256}.Debug|Any CPU.Build.0 = Debug|Any CPU
		{EC9320E4-36B6-4CD0-ABDB-7C9EA13D5256}.Release|Any CPU.ActiveCfg = Release|Any CPU
		{EC9320E4-36B6-4CD0-ABDB-7C9EA13D5256}.Release|Any CPU.Build.0 = Release|Any CPU
		{413EC912-396C-4872-A701-14937BA3EB12}.Debug|Any CPU.ActiveCfg = Debug|Any CPU
		{413EC912-396C-4872-A701-14937BA3EB12}.Debug|Any CPU.Build.0 = Debug|Any CPU
		{413EC912-396C-4872-A701-14937BA3EB12}.Release|Any CPU.ActiveCfg = Release|Any CPU
		{413EC912-396C-4872-A701-14937BA3EB12}.Release|Any CPU.Build.0 = Release|Any CPU
		{374041BF-0AF5-433C-ADEF-3ED319A87641}.Debug|Any CPU.ActiveCfg = Debug|Any CPU
		{374041BF-0AF5-433C-ADEF-3ED319A87641}.Debug|Any CPU.Build.0 = Debug|Any CPU
		{374041BF-0AF5-433C-ADEF-3ED319A87641}.Release|Any CPU.ActiveCfg = Release|Any CPU
		{374041BF-0AF5-433C-ADEF-3ED319A87641}.Release|Any CPU.Build.0 = Release|Any CPU
	EndGlobalSection
	GlobalSection(SolutionProperties) = preSolution
		HideSolutionNode = FALSE
	EndGlobalSection
	GlobalSection(ExtensibilityGlobals) = postSolution
		SolutionGuid = {B781E42D-E6AD-4740-8327-39787B8A047E}
	EndGlobalSection
EndGlobal
