
Microsoft Visual Studio Solution File, Format Version 12.00
# Visual Studio Version 16
VisualStudioVersion = 16.0.29503.13
MinimumVisualStudioVersion = 10.0.40219.1
Project("{9A19103F-16F7-4668-BE54-9A1E7A4F7556}") = "01_StringManipulator", "01_StringManipulator\01_StringManipulator.csproj", "{C7BE8697-A356-46C9-9EE9-15ED4A046004}"
EndProject
Project("{FAE04EC0-301F-11D3-BF4B-00C04F79EFBC}") = "02_MessageDecrypter", "02_MessageDecryptor\02_MessageDecrypter.csproj", "{386C848C-810A-498E-8D52-A784048FE0BF}"
EndProject
Project("{FAE04EC0-301F-11D3-BF4B-00C04F79EFBC}") = "03_MessageMenager", "03_MessageMenager\03_MessageMenager.csproj", "{FFD7DA1E-FFAC-42A3-A960-D71FEC7493B6}"
EndProject
Global
	GlobalSection(SolutionConfigurationPlatforms) = preSolution
		Debug|Any CPU = Debug|Any CPU
		Release|Any CPU = Release|Any CPU
	EndGlobalSection
	GlobalSection(ProjectConfigurationPlatforms) = postSolution
		{C7BE8697-A356-46C9-9EE9-15ED4A046004}.Debug|Any CPU.ActiveCfg = Debug|Any CPU
		{C7BE8697-A356-46C9-9EE9-15ED4A046004}.Debug|Any CPU.Build.0 = Debug|Any CPU
		{C7BE8697-A356-46C9-9EE9-15ED4A046004}.Release|Any CPU.ActiveCfg = Release|Any CPU
		{C7BE8697-A356-46C9-9EE9-15ED4A046004}.Release|Any CPU.Build.0 = Release|Any CPU
		{386C848C-810A-498E-8D52-A784048FE0BF}.Debug|Any CPU.ActiveCfg = Debug|Any CPU
		{386C848C-810A-498E-8D52-A784048FE0BF}.Debug|Any CPU.Build.0 = Debug|Any CPU
		{386C848C-810A-498E-8D52-A784048FE0BF}.Release|Any CPU.ActiveCfg = Release|Any CPU
		{386C848C-810A-498E-8D52-A784048FE0BF}.Release|Any CPU.Build.0 = Release|Any CPU
		{FFD7DA1E-FFAC-42A3-A960-D71FEC7493B6}.Debug|Any CPU.ActiveCfg = Debug|Any CPU
		{FFD7DA1E-FFAC-42A3-A960-D71FEC7493B6}.Debug|Any CPU.Build.0 = Debug|Any CPU
		{FFD7DA1E-FFAC-42A3-A960-D71FEC7493B6}.Release|Any CPU.ActiveCfg = Release|Any CPU
		{FFD7DA1E-FFAC-42A3-A960-D71FEC7493B6}.Release|Any CPU.Build.0 = Release|Any CPU
	EndGlobalSection
	GlobalSection(SolutionProperties) = preSolution
		HideSolutionNode = FALSE
	EndGlobalSection
	GlobalSection(ExtensibilityGlobals) = postSolution
		SolutionGuid = {67E98C67-B90F-466E-A864-9B8C03B860BE}
	EndGlobalSection
EndGlobal
