
Microsoft Visual Studio Solution File, Format Version 12.00
# Visual Studio Version 17
VisualStudioVersion = 17.3.32901.215
MinimumVisualStudioVersion = 10.0.40219.1
Project("{FAE04EC0-301F-11D3-BF4B-00C04F79EFBC}") = "01_TheImitationGame", "01_TheImitationGame\01_TheImitationGame.csproj", "{3B53A57E-97D4-4061-B3EB-CCA408D5BBF0}"
EndProject
Project("{FAE04EC0-301F-11D3-BF4B-00C04F79EFBC}") = "02_AddAstra", "02_AddAstra\02_AddAstra.csproj", "{9637C7FF-60B0-4E2C-B895-7BAF3C3833EF}"
EndProject
Project("{FAE04EC0-301F-11D3-BF4B-00C04F79EFBC}") = "03_ThePianist", "03_ThePianist\03_ThePianist.csproj", "{AED19714-BA05-4D13-96CF-568CADE6C1E2}"
EndProject
Global
	GlobalSection(SolutionConfigurationPlatforms) = preSolution
		Debug|Any CPU = Debug|Any CPU
		Release|Any CPU = Release|Any CPU
	EndGlobalSection
	GlobalSection(ProjectConfigurationPlatforms) = postSolution
		{3B53A57E-97D4-4061-B3EB-CCA408D5BBF0}.Debug|Any CPU.ActiveCfg = Debug|Any CPU
		{3B53A57E-97D4-4061-B3EB-CCA408D5BBF0}.Debug|Any CPU.Build.0 = Debug|Any CPU
		{3B53A57E-97D4-4061-B3EB-CCA408D5BBF0}.Release|Any CPU.ActiveCfg = Release|Any CPU
		{3B53A57E-97D4-4061-B3EB-CCA408D5BBF0}.Release|Any CPU.Build.0 = Release|Any CPU
		{9637C7FF-60B0-4E2C-B895-7BAF3C3833EF}.Debug|Any CPU.ActiveCfg = Debug|Any CPU
		{9637C7FF-60B0-4E2C-B895-7BAF3C3833EF}.Debug|Any CPU.Build.0 = Debug|Any CPU
		{9637C7FF-60B0-4E2C-B895-7BAF3C3833EF}.Release|Any CPU.ActiveCfg = Release|Any CPU
		{9637C7FF-60B0-4E2C-B895-7BAF3C3833EF}.Release|Any CPU.Build.0 = Release|Any CPU
		{AED19714-BA05-4D13-96CF-568CADE6C1E2}.Debug|Any CPU.ActiveCfg = Debug|Any CPU
		{AED19714-BA05-4D13-96CF-568CADE6C1E2}.Debug|Any CPU.Build.0 = Debug|Any CPU
		{AED19714-BA05-4D13-96CF-568CADE6C1E2}.Release|Any CPU.ActiveCfg = Release|Any CPU
		{AED19714-BA05-4D13-96CF-568CADE6C1E2}.Release|Any CPU.Build.0 = Release|Any CPU
	EndGlobalSection
	GlobalSection(SolutionProperties) = preSolution
		HideSolutionNode = FALSE
	EndGlobalSection
	GlobalSection(ExtensibilityGlobals) = postSolution
		SolutionGuid = {1E890424-01C1-4C65-8B00-EBA010917B77}
	EndGlobalSection
EndGlobal
