
Microsoft Visual Studio Solution File, Format Version 12.00
# Visual Studio Version 16
VisualStudioVersion = 16.0.29503.13
MinimumVisualStudioVersion = 10.0.40219.1
Project("{9A19103F-16F7-4668-BE54-9A1E7A4F7556}") = "02_CenterPoint", "02_CenterPoint\02_CenterPoint.csproj", "{3B3A09FC-9087-4252-A231-7C5FF02ADCA2}"
EndProject
Project("{9A19103F-16F7-4668-BE54-9A1E7A4F7556}") = "03_LongerLine", "03_LongerLine\03_LongerLine.csproj", "{8C219853-4C61-4F66-8598-173FB04C9B10}"
EndProject
Project("{9A19103F-16F7-4668-BE54-9A1E7A4F7556}") = "04_TribonacciSequence", "04_TribonacciSequence\04_TribonacciSequence.csproj", "{CA5C9618-8D43-4256-BFA2-3E00BE5EAE74}"
EndProject
Project("{9A19103F-16F7-4668-BE54-9A1E7A4F7556}") = "05_MultiplicationSign", "05_MultiplicationSign\05_MultiplicationSign.csproj", "{469C36A2-CEDB-4BD3-B381-D71C367630B5}"
EndProject
Project("{FAE04EC0-301F-11D3-BF4B-00C04F79EFBC}") = "01_DataTypes", "01_DataTypes\01_DataTypes.csproj", "{CFA36BD3-22E5-444C-91BE-279B88A70A0F}"
EndProject
Global
	GlobalSection(SolutionConfigurationPlatforms) = preSolution
		Debug|Any CPU = Debug|Any CPU
		Release|Any CPU = Release|Any CPU
	EndGlobalSection
	GlobalSection(ProjectConfigurationPlatforms) = postSolution
		{3B3A09FC-9087-4252-A231-7C5FF02ADCA2}.Debug|Any CPU.ActiveCfg = Debug|Any CPU
		{3B3A09FC-9087-4252-A231-7C5FF02ADCA2}.Debug|Any CPU.Build.0 = Debug|Any CPU
		{3B3A09FC-9087-4252-A231-7C5FF02ADCA2}.Release|Any CPU.ActiveCfg = Release|Any CPU
		{3B3A09FC-9087-4252-A231-7C5FF02ADCA2}.Release|Any CPU.Build.0 = Release|Any CPU
		{8C219853-4C61-4F66-8598-173FB04C9B10}.Debug|Any CPU.ActiveCfg = Debug|Any CPU
		{8C219853-4C61-4F66-8598-173FB04C9B10}.Debug|Any CPU.Build.0 = Debug|Any CPU
		{8C219853-4C61-4F66-8598-173FB04C9B10}.Release|Any CPU.ActiveCfg = Release|Any CPU
		{8C219853-4C61-4F66-8598-173FB04C9B10}.Release|Any CPU.Build.0 = Release|Any CPU
		{CA5C9618-8D43-4256-BFA2-3E00BE5EAE74}.Debug|Any CPU.ActiveCfg = Debug|Any CPU
		{CA5C9618-8D43-4256-BFA2-3E00BE5EAE74}.Debug|Any CPU.Build.0 = Debug|Any CPU
		{CA5C9618-8D43-4256-BFA2-3E00BE5EAE74}.Release|Any CPU.ActiveCfg = Release|Any CPU
		{CA5C9618-8D43-4256-BFA2-3E00BE5EAE74}.Release|Any CPU.Build.0 = Release|Any CPU
		{469C36A2-CEDB-4BD3-B381-D71C367630B5}.Debug|Any CPU.ActiveCfg = Debug|Any CPU
		{469C36A2-CEDB-4BD3-B381-D71C367630B5}.Debug|Any CPU.Build.0 = Debug|Any CPU
		{469C36A2-CEDB-4BD3-B381-D71C367630B5}.Release|Any CPU.ActiveCfg = Release|Any CPU
		{469C36A2-CEDB-4BD3-B381-D71C367630B5}.Release|Any CPU.Build.0 = Release|Any CPU
		{CFA36BD3-22E5-444C-91BE-279B88A70A0F}.Debug|Any CPU.ActiveCfg = Debug|Any CPU
		{CFA36BD3-22E5-444C-91BE-279B88A70A0F}.Debug|Any CPU.Build.0 = Debug|Any CPU
		{CFA36BD3-22E5-444C-91BE-279B88A70A0F}.Release|Any CPU.ActiveCfg = Release|Any CPU
		{CFA36BD3-22E5-444C-91BE-279B88A70A0F}.Release|Any CPU.Build.0 = Release|Any CPU
	EndGlobalSection
	GlobalSection(SolutionProperties) = preSolution
		HideSolutionNode = FALSE
	EndGlobalSection
	GlobalSection(ExtensibilityGlobals) = postSolution
		SolutionGuid = {6BA789F9-7918-4D3A-84CB-FACA8236563C}
	EndGlobalSection
EndGlobal
