
Microsoft Visual Studio Solution File, Format Version 12.00
# Visual Studio Version 16
VisualStudioVersion = 16.0.29503.13
MinimumVisualStudioVersion = 10.0.40219.1
Project("{9A19103F-16F7-4668-BE54-9A1E7A4F7556}") = "01_BlackFlag", "01_BlackFlag\01_BlackFlag.csproj", "{FD3D7820-EA8E-4B04-B910-FE98412EE3A5}"
EndProject
Project("{9A19103F-16F7-4668-BE54-9A1E7A4F7556}") = "02_TreasureHunt", "02_TreasureHunt\02_TreasureHunt.csproj", "{5A0B223F-A160-4C41-8B1C-28449EF2E59C}"
EndProject
Project("{9A19103F-16F7-4668-BE54-9A1E7A4F7556}") = "03_ManOWar", "03_ManOWar\03_ManOWar.csproj", "{9766A215-74C3-47BF-8E8C-D1EACA05EF22}"
EndProject
Global
	GlobalSection(SolutionConfigurationPlatforms) = preSolution
		Debug|Any CPU = Debug|Any CPU
		Release|Any CPU = Release|Any CPU
	EndGlobalSection
	GlobalSection(ProjectConfigurationPlatforms) = postSolution
		{FD3D7820-EA8E-4B04-B910-FE98412EE3A5}.Debug|Any CPU.ActiveCfg = Debug|Any CPU
		{FD3D7820-EA8E-4B04-B910-FE98412EE3A5}.Debug|Any CPU.Build.0 = Debug|Any CPU
		{FD3D7820-EA8E-4B04-B910-FE98412EE3A5}.Release|Any CPU.ActiveCfg = Release|Any CPU
		{FD3D7820-EA8E-4B04-B910-FE98412EE3A5}.Release|Any CPU.Build.0 = Release|Any CPU
		{5A0B223F-A160-4C41-8B1C-28449EF2E59C}.Debug|Any CPU.ActiveCfg = Debug|Any CPU
		{5A0B223F-A160-4C41-8B1C-28449EF2E59C}.Debug|Any CPU.Build.0 = Debug|Any CPU
		{5A0B223F-A160-4C41-8B1C-28449EF2E59C}.Release|Any CPU.ActiveCfg = Release|Any CPU
		{5A0B223F-A160-4C41-8B1C-28449EF2E59C}.Release|Any CPU.Build.0 = Release|Any CPU
		{9766A215-74C3-47BF-8E8C-D1EACA05EF22}.Debug|Any CPU.ActiveCfg = Debug|Any CPU
		{9766A215-74C3-47BF-8E8C-D1EACA05EF22}.Debug|Any CPU.Build.0 = Debug|Any CPU
		{9766A215-74C3-47BF-8E8C-D1EACA05EF22}.Release|Any CPU.ActiveCfg = Release|Any CPU
		{9766A215-74C3-47BF-8E8C-D1EACA05EF22}.Release|Any CPU.Build.0 = Release|Any CPU
	EndGlobalSection
	GlobalSection(SolutionProperties) = preSolution
		HideSolutionNode = FALSE
	EndGlobalSection
	GlobalSection(ExtensibilityGlobals) = postSolution
		SolutionGuid = {88A03890-4519-4E0C-8CA5-26C5D4B5E1C7}
	EndGlobalSection
EndGlobal
